
Microsoft Visual Studio Solution File, Format Version 12.00
# Visual Studio Version 17
VisualStudioVersion = 17.8.34322.80
MinimumVisualStudioVersion = 10.0.40219.1
Project("{FAE04EC0-301F-11D3-BF4B-00C04F79EFBC}") = "Crud01", "Crud01\Crud01.csproj", "{8E4BC665-C384-4B10-A33D-271FD56DEB75}"
EndProject
Global
	GlobalSection(SolutionConfigurationPlatforms) = preSolution
		Debug|Any CPU = Debug|Any CPU
		Release|Any CPU = Release|Any CPU
	EndGlobalSection
	GlobalSection(ProjectConfigurationPlatforms) = postSolution
		{8E4BC665-C384-4B10-A33D-271FD56DEB75}.Debug|Any CPU.ActiveCfg = Debug|Any CPU
		{8E4BC665-C384-4B10-A33D-271FD56DEB75}.Debug|Any CPU.Build.0 = Debug|Any CPU
		{8E4BC665-C384-4B10-A33D-271FD56DEB75}.Release|Any CPU.ActiveCfg = Release|Any CPU
		{8E4BC665-C384-4B10-A33D-271FD56DEB75}.Release|Any CPU.Build.0 = Release|Any CPU
	EndGlobalSection
	GlobalSection(SolutionProperties) = preSolution
		HideSolutionNode = FALSE
	EndGlobalSection
	GlobalSection(ExtensibilityGlobals) = postSolution
		SolutionGuid = {5898FB5E-688C-4866-90ED-82D209CA1B59}
	EndGlobalSection
EndGlobal
